
Microsoft Visual Studio Solution File, Format Version 12.00
# Visual Studio Version 16
VisualStudioVersion = 16.0.30002.166
MinimumVisualStudioVersion = 10.0.40219.1
Project("{FAE04EC0-301F-11D3-BF4B-00C04F79EFBC}") = "EcommerceDemo", "EcommerceDemo\EcommerceDemo.csproj", "{014F4BE8-84E2-4CE7-8000-C80BC5B00471}"
EndProject
Project("{FAE04EC0-301F-11D3-BF4B-00C04F79EFBC}") = "ECommerce.EntidadesDeNegocio", "ECommerce.EntidadesDeNegocio\ECommerce.EntidadesDeNegocio.csproj", "{D67EE612-E69C-45FF-AD81-AA75B4FB12D5}"
EndProject
Project("{FAE04EC0-301F-11D3-BF4B-00C04F79EFBC}") = "Ecommerce.WebPage", "Ecommerce.WebPage\Ecommerce.WebPage.csproj", "{D3A05A05-9DB0-44FE-95D1-985FBD110ED7}"
EndProject
Global
	GlobalSection(SolutionConfigurationPlatforms) = preSolution
		Debug|Any CPU = Debug|Any CPU
		Release|Any CPU = Release|Any CPU
	EndGlobalSection
	GlobalSection(ProjectConfigurationPlatforms) = postSolution
		{014F4BE8-84E2-4CE7-8000-C80BC5B00471}.Debug|Any CPU.ActiveCfg = Debug|Any CPU
		{014F4BE8-84E2-4CE7-8000-C80BC5B00471}.Debug|Any CPU.Build.0 = Debug|Any CPU
		{014F4BE8-84E2-4CE7-8000-C80BC5B00471}.Release|Any CPU.ActiveCfg = Release|Any CPU
		{014F4BE8-84E2-4CE7-8000-C80BC5B00471}.Release|Any CPU.Build.0 = Release|Any CPU
		{D67EE612-E69C-45FF-AD81-AA75B4FB12D5}.Debug|Any CPU.ActiveCfg = Debug|Any CPU
		{D67EE612-E69C-45FF-AD81-AA75B4FB12D5}.Debug|Any CPU.Build.0 = Debug|Any CPU
		{D67EE612-E69C-45FF-AD81-AA75B4FB12D5}.Release|Any CPU.ActiveCfg = Release|Any CPU
		{D67EE612-E69C-45FF-AD81-AA75B4FB12D5}.Release|Any CPU.Build.0 = Release|Any CPU
		{D3A05A05-9DB0-44FE-95D1-985FBD110ED7}.Debug|Any CPU.ActiveCfg = Debug|Any CPU
		{D3A05A05-9DB0-44FE-95D1-985FBD110ED7}.Debug|Any CPU.Build.0 = Debug|Any CPU
		{D3A05A05-9DB0-44FE-95D1-985FBD110ED7}.Release|Any CPU.ActiveCfg = Release|Any CPU
		{D3A05A05-9DB0-44FE-95D1-985FBD110ED7}.Release|Any CPU.Build.0 = Release|Any CPU
	EndGlobalSection
	GlobalSection(SolutionProperties) = preSolution
		HideSolutionNode = FALSE
	EndGlobalSection
	GlobalSection(ExtensibilityGlobals) = postSolution
		SolutionGuid = {BC1ACA46-8D03-412D-8C93-24CC3A0DB02D}
	EndGlobalSection
EndGlobal
